github.com/kazuph/go-binenv v0.0.0-20170113130456-64b2b6e919dd h1:GdsFQ5KSOruGp8lOKaN2aaA76BxrtjrE4hPkXkF05Q8=
github.com/kazuph/go-binenv v0.0.0-20170113130456-64b2b6e919dd/go.mod h1:U6bDbkYhLIdAgOytPGNOOZgm5gIe2/A1xpDRx2KTFpQ=
github.com/kelseyhightower/envconfig v1.3.0 h1:IvRS4f2VcIQy6j4ORGIf9145T/AsUB+oY8LyvN8BXNM=
github.com/kelseyhightower/envconfig v1.3.0/go.mod h1:cccZRl6mQpaq41TPp5QxidR+Sa3axMbJDNb//FQX6Gg=
github.com/pkg/browser v0.0.0-20180916011732-0a3d74bf9ce4 h1:49lOXmGaUpV9Fz3gd7TFZY106KVlPVa5jcYD1gaQf98=
github.com/pkg/browser v0.0.0-20180916011732-0a3d74bf9ce4/go.mod h1:4OwLy04Bl9Ef3GJJCoec+30X3LQs/0/m4HFRt/2LUSA=
